// !$*UTF8*$!
{
	archiveVersion = 1;
	classes = {
	};
	objectVersion = 56;
	objects = {

/* Begin PBXBuildFile section */
		CA373EC6293ACA42006A90DA /* MyUILibraty in Frameworks */ = {isa = PBXBuildFile; productRef = CA373EC5293ACA42006A90DA /* MyUILibraty */; };
		CA7ED307293A6D6200E0E89F /* AppDelegate.swift in Sources */ = {isa = PBXBuildFile; fileRef = CA7ED306293A6D6200E0E89F /* AppDelegate.swift */; };
		CA7ED309293A6D6200E0E89F /* SceneDelegate.swift in Sources */ = {isa = PBXBuildFile; fileRef = CA7ED308293A6D6200E0E89F /* SceneDelegate.swift */; };
		CA7ED30B293A6D6200E0E89F /* ViewController.swift in Sources */ = {isa = PBXBuildFile; fileRef = CA7ED30A293A6D6200E0E89F /* ViewController.swift */; };
		CA7ED30E293A6D6200E0E89F /* Main.storyboard in Resources */ = {isa = PBXBuildFile; fileRef = CA7ED30C293A6D6200E0E89F /* Main.storyboard */; };
		CA7ED310293A6D6300E0E89F /* Assets.xcassets in Resources */ = {isa = PBXBuildFile; fileRef = CA7ED30F293A6D6300E0E89F /* Assets.xcassets */; };
		CA7ED313293A6D6300E0E89F /* LaunchScreen.storyboard in Resources */ = {isa = PBXBuildFile; fileRef = CA7ED311293A6D6300E0E89F /* LaunchScreen.storyboard */; };
		CA7ED31D293A8F9600E0E89F /* CommonLibrary in Frameworks */ = {isa = PBXBuildFile; productRef = CA7ED31C293A8F9600E0E89F /* CommonLibrary */; };
/* End PBXBuildFile section */

/* Begin PBXFileReference section */
		CA57E2ED293E8F6000A05A68 /* MyLocalUILibrary */ = {isa = PBXFileReference; lastKnownFileType = wrapper; name = MyLocalUILibrary; path = ../MyLocalUILibrary; sourceTree = "<group>"; };
		CA7ED303293A6D6200E0E89F /* SPM_MainProject.app */ = {isa = PBXFileReference; explicitFileType = wrapper.application; includeInIndex = 0; path = SPM_MainProject.app; sourceTree = BUILT_PRODUCTS_DIR; };
		CA7ED306293A6D6200E0E89F /* AppDelegate.swift */ = {isa = PBXFileReference; lastKnownFileType = sourcecode.swift; path = AppDelegate.swift; sourceTree = "<group>"; };
		CA7ED308293A6D6200E0E89F /* SceneDelegate.swift */ = {isa = PBXFileReference; lastKnownFileType = sourcecode.swift; path = SceneDelegate.swift; sourceTree = "<group>"; };
		CA7ED30A293A6D6200E0E89F /* ViewController.swift */ = {isa = PBXFileReference; lastKnownFileType = sourcecode.swift; path = ViewController.swift; sourceTree = "<group>"; };
		CA7ED30D293A6D6200E0E89F /* Base */ = {isa = PBXFileReference; lastKnownFileType = file.storyboard; name = Base; path = Base.lproj/Main.storyboard; sourceTree = "<group>"; };
		CA7ED30F293A6D6300E0E89F /* Assets.xcassets */ = {isa = PBXFileReference; lastKnownFileType = folder.assetcatalog; path = Assets.xcassets; sourceTree = "<group>"; };
		CA7ED312293A6D6300E0E89F /* Base */ = {isa = PBXFileReference; lastKnownFileType = file.storyboard; name = Base; path = Base.lproj/LaunchScreen.storyboard; sourceTree = "<group>"; };
		CA7ED314293A6D6300E0E89F /* Info.plist */ = {isa = PBXFileReference; lastKnownFileType = text.plist.xml; path = Info.plist; sourceTree = "<group>"; };
/* End PBXFileReference section */

/* Begin PBXFrameworksBuildPhase section */
		CA7ED300293A6D6200E0E89F /* Frameworks */ = {
			isa = PBXFrameworksBuildPhase;
			buildActionMask = 2147483647;
			files = (
				CA373EC6293ACA42006A90DA /* MyUILibraty in Frameworks */,
				CA7ED31D293A8F9600E0E89F /* CommonLibrary in Frameworks */,
			);
			runOnlyForDeploymentPostprocessing = 0;
		};
/* End PBXFrameworksBuildPhase section */

/* Begin PBXGroup section */
		CA57E2E9293E85C700A05A68 /* Packages */ = {
			isa = PBXGroup;
			children = (
				CA57E2ED293E8F6000A05A68 /* MyLocalUILibrary */,
			);
			name = Packages;
			sourceTree = "<group>";
		};
		CA7ED2FA293A6D6200E0E89F = {
			isa = PBXGroup;
			children = (
				CA7ED305293A6D6200E0E89F /* SPM_MainProject */,
				CA57E2E9293E85C700A05A68 /* Packages */,
				CA7ED304293A6D6200E0E89F /* Products */,
			);
			sourceTree = "<group>";
		};
		CA7ED304293A6D6200E0E89F /* Products */ = {
			isa = PBXGroup;
			children = (
				CA7ED303293A6D6200E0E89F /* SPM_MainProject.app */,
			);
			name = Products;
			sourceTree = "<group>";
		};
		CA7ED305293A6D6200E0E89F /* SPM_MainProject */ = {
			isa = PBXGroup;
			children = (
				CA7ED31A293A6EB100E0E89F /* Frameworks */,
				CA7ED306293A6D6200E0E89F /* AppDelegate.swift */,
				CA7ED308293A6D6200E0E89F /* SceneDelegate.swift */,
				CA7ED30A293A6D6200E0E89F /* ViewController.swift */,
				CA7ED30C293A6D6200E0E89F /* Main.storyboard */,
				CA7ED30F293A6D6300E0E89F /* Assets.xcassets */,
				CA7ED311293A6D6300E0E89F /* LaunchScreen.storyboard */,
				CA7ED314293A6D6300E0E89F /* Info.plist */,
			);
			path = SPM_MainProject;
			sourceTree = "<group>";
		};
		CA7ED31A293A6EB100E0E89F /* Frameworks */ = {
			isa = PBXGroup;
			children = (
			);
			name = Frameworks;
			sourceTree = "<group>";
		};
/* End PBXGroup section */

/* Begin PBXNativeTarget section */
		CA7ED302293A6D6200E0E89F /* SPM_MainProject */ = {
			isa = PBXNativeTarget;
			buildConfigurationList = CA7ED317293A6D6300E0E89F /* Build configuration list for PBXNativeTarget "SPM_MainProject" */;
			buildPhases = (
				CA7ED2FF293A6D6200E0E89F /* Sources */,
				CA7ED300293A6D6200E0E89F /* Frameworks */,
				CA7ED301293A6D6200E0E89F /* Resources */,
			);
			buildRules = (
			);
			dependencies = (
			);
			name = SPM_MainProject;
			packageProductDependencies = (
				CA7ED31C293A8F9600E0E89F /* CommonLibrary */,
				CA373EC5293ACA42006A90DA /* MyUILibraty */,
			);
			productName = SPM_MainProject;
			productReference = CA7ED303293A6D6200E0E89F /* SPM_MainProject.app */;
			productType = "com.apple.product-type.application";
		};
/* End PBXNativeTarget section */

/* Begin PBXProject section */
		CA7ED2FB293A6D6200E0E89F /* Project object */ = {
			isa = PBXProject;
			attributes = {
				BuildIndependentTargetsInParallel = 1;
				LastSwiftUpdateCheck = 1410;
				LastUpgradeCheck = 1410;
				TargetAttributes = {
					CA7ED302293A6D6200E0E89F = {
						CreatedOnToolsVersion = 14.1;
					};
				};
			};
			buildConfigurationList = CA7ED2FE293A6D6200E0E89F /* Build configuration list for PBXProject "SPM_MainProject" */;
			compatibilityVersion = "Xcode 14.0";
			developmentRegion = en;
			hasScannedForEncodings = 0;
			knownRegions = (
				en,
				Base,
			);
			mainGroup = CA7ED2FA293A6D6200E0E89F;
			packageReferences = (
				CA7ED31B293A8F9600E0E89F /* XCRemoteSwiftPackageReference "CommonLibrary" */,
				CA373EC4293ACA42006A90DA /* XCRemoteSwiftPackageReference "MyUILibraty" */,
			);
			productRefGroup = CA7ED304293A6D6200E0E89F /* Products */;
			projectDirPath = "";
			projectRoot = "";
			targets = (
				CA7ED302293A6D6200E0E89F /* SPM_MainProject */,
			);
		};
/* End PBXProject section */

/* Begin PBXResourcesBuildPhase section */
		CA7ED301293A6D6200E0E89F /* Resources */ = {
			isa = PBXResourcesBuildPhase;
			buildActionMask = 2147483647;
			files = (
				CA7ED313293A6D6300E0E89F /* LaunchScreen.storyboard in Resources */,
				CA7ED310293A6D6300E0E89F /* Assets.xcassets in Resources */,
				CA7ED30E293A6D6200E0E89F /* Main.storyboard in Resources */,
			);
			runOnlyForDeploymentPostprocessing = 0;
		};
/* End PBXResourcesBuildPhase section */

/* Begin PBXSourcesBuildPhase section */
		CA7ED2FF293A6D6200E0E89F /* Sources */ = {
			isa = PBXSourcesBuildPhase;
			buildActionMask = 2147483647;
			files = (
				CA7ED30B293A6D6200E0E89F /* ViewController.swift in Sources */,
				CA7ED307293A6D6200E0E89F /* AppDelegate.swift in Sources */,
				CA7ED309293A6D6200E0E89F /* SceneDelegate.swift in Sources */,
			);
			runOnlyForDeploymentPostprocessing = 0;
		};
/* End PBXSourcesBuildPhase section */

/* Begin PBXVariantGroup section */
		CA7ED30C293A6D6200E0E89F /* Main.storyboard */ = {
			isa = PBXVariantGroup;
			children = (
				CA7ED30D293A6D6200E0E89F /* Base */,
			);
			name = Main.storyboard;
			sourceTree = "<group>";
		};
		CA7ED311293A6D6300E0E89F /* LaunchScreen.storyboard */ = {
			isa = PBXVariantGroup;
			children = (
				CA7ED312293A6D6300E0E89F /* Base */,
			);
			name = LaunchScreen.storyboard;
			sourceTree = "<group>";
		};
/* End PBXVariantGroup section */

/* Begin XCBuildConfiguration section */
		CA7ED315293A6D6300E0E89F /* Debug */ = {
			isa = XCBuildConfiguration;
			buildSettings = {
				ALWAYS_SEARCH_USER_PATHS = NO;
				CLANG_ANALYZER_NONNULL = YES;
				CLANG_ANALYZER_NUMBER_OBJECT_CONVERSION = YES_AGGRESSIVE;
				CLANG_CXX_LANGUAGE_STANDARD = "gnu++20";
				CLANG_ENABLE_MODULES = YES;
				CLANG_ENABLE_OBJC_ARC = YES;
				CLANG_ENABLE_OBJC_WEAK = YES;
				CLANG_WARN_BLOCK_CAPTURE_AUTORELEASING = YES;
				CLANG_WARN_BOOL_CONVERSION = YES;
				CLANG_WARN_COMMA = YES;
				CLANG_WARN_CONSTANT_CONVERSION = YES;
				CLANG_WARN_DEPRECATED_OBJC_IMPLEMENTATIONS = YES;
				CLANG_WARN_DIRECT_OBJC_ISA_USAGE = YES_ERROR;
				CLANG_WARN_DOCUMENTATION_COMMENTS = YES;
				CLANG_WARN_EMPTY_BODY = YES;
				CLANG_WARN_ENUM_CONVERSION = YES;
				CLANG_WARN_INFINITE_RECURSION = YES;
				CLANG_WARN_INT_CONVERSION = YES;
				CLANG_WARN_NON_LITERAL_NULL_CONVERSION = YES;
				CLANG_WARN_OBJC_IMPLICIT_RETAIN_SELF = YES;
				CLANG_WARN_OBJC_LITERAL_CONVERSION = YES;
				CLANG_WARN_OBJC_ROOT_CLASS = YES_ERROR;
				CLANG_WARN_QUOTED_INCLUDE_IN_FRAMEWORK_HEADER = YES;
				CLANG_WARN_RANGE_LOOP_ANALYSIS = YES;
				CLANG_WARN_STRICT_PROTOTYPES = YES;
				CLANG_WARN_SUSPICIOUS_MOVE = YES;
				CLANG_WARN_UNGUARDED_AVAILABILITY = YES_AGGRESSIVE;
				CLANG_WARN_UNREACHABLE_CODE = YES;
				CLANG_WARN__DUPLICATE_METHOD_MATCH = YES;
				COPY_PHASE_STRIP = NO;
				DEBUG_INFORMATION_FORMAT = dwarf;
				ENABLE_STRICT_OBJC_MSGSEND = YES;
				ENABLE_TESTABILITY = YES;
				GCC_C_LANGUAGE_STANDARD = gnu11;
				GCC_DYNAMIC_NO_PIC = NO;
				GCC_NO_COMMON_BLOCKS = YES;
				GCC_OPTIMIZATION_LEVEL = 0;
				GCC_PREPROCESSOR_DEFINITIONS = (
					"DEBUG=1",
					"$(inherited)",
				);
				GCC_WARN_64_TO_32_BIT_CONVERSION = YES;
				GCC_WARN_ABOUT_RETURN_TYPE = YES_ERROR;
				GCC_WARN_UNDECLARED_SELECTOR = YES;
				GCC_WARN_UNINITIALIZED_AUTOS = YES_AGGRESSIVE;
				GCC_WARN_UNUSED_FUNCTION = YES;
				GCC_WARN_UNUSED_VARIABLE = YES;
				IPHONEOS_DEPLOYMENT_TARGET = 16.1;
				MTL_ENABLE_DEBUG_INFO = INCLUDE_SOURCE;
				MTL_FAST_MATH = YES;
				ONLY_ACTIVE_ARCH = YES;
				SDKROOT = iphoneos;
				SWIFT_ACTIVE_COMPILATION_CONDITIONS = DEBUG;
				SWIFT_OPTIMIZATION_LEVEL = "-Onone";
			};
			name = Debug;
		};
		CA7ED316293A6D6300E0E89F /* Release */ = {
			isa = XCBuildConfiguration;
			buildSettings = {
				ALWAYS_SEARCH_USER_PATHS = NO;
				CLANG_ANALYZER_NONNULL = YES;
				CLANG_ANALYZER_NUMBER_OBJECT_CONVERSION = YES_AGGRESSIVE;
				CLANG_CXX_LANGUAGE_STANDARD = "gnu++20";
				CLANG_ENABLE_MODULES = YES;
				CLANG_ENABLE_OBJC_ARC = YES;
				CLANG_ENABLE_OBJC_WEAK = YES;
				CLANG_WARN_BLOCK_CAPTURE_AUTORELEASING = YES;
				CLANG_WARN_BOOL_CONVERSION = YES;
				CLANG_WARN_COMMA = YES;
				CLANG_WARN_CONSTANT_CONVERSION = YES;
				CLANG_WARN_DEPRECATED_OBJC_IMPLEMENTATIONS = YES;
				CLANG_WARN_DIRECT_OBJC_ISA_USAGE = YES_ERROR;
				CLANG_WARN_DOCUMENTATION_COMMENTS = YES;
				CLANG_WARN_EMPTY_BODY = YES;
				CLANG_WARN_ENUM_CONVERSION = YES;
				CLANG_WARN_INFINITE_RECURSION = YES;
				CLANG_WARN_INT_CONVERSION = YES;
				CLANG_WARN_NON_LITERAL_NULL_CONVERSION = YES;
				CLANG_WARN_OBJC_IMPLICIT_RETAIN_SELF = YES;
				CLANG_WARN_OBJC_LITERAL_CONVERSION = YES;
				CLANG_WARN_OBJC_ROOT_CLASS = YES_ERROR;
				CLANG_WARN_QUOTED_INCLUDE_IN_FRAMEWORK_HEADER = YES;
				CLANG_WARN_RANGE_LOOP_ANALYSIS = YES;
				CLANG_WARN_STRICT_PROTOTYPES = YES;
				CLANG_WARN_SUSPICIOUS_MOVE = YES;
				CLANG_WARN_UNGUARDED_AVAILABILITY = YES_AGGRESSIVE;
				CLANG_WARN_UNREACHABLE_CODE = YES;
				CLANG_WARN__DUPLICATE_METHOD_MATCH = YES;
				COPY_PHASE_STRIP = NO;
				DEBUG_INFORMATION_FORMAT = "dwarf-with-dsym";
				ENABLE_NS_ASSERTIONS = NO;
				ENABLE_STRICT_OBJC_MSGSEND = YES;
				GCC_C_LANGUAGE_STANDARD = gnu11;
				GCC_NO_COMMON_BLOCKS = YES;
				GCC_WARN_64_TO_32_BIT_CONVERSION = YES;
				GCC_WARN_ABOUT_RETURN_TYPE = YES_ERROR;
				GCC_WARN_UNDECLARED_SELECTOR = YES;
				GCC_WARN_UNINITIALIZED_AUTOS = YES_AGGRESSIVE;
				GCC_WARN_UNUSED_FUNCTION = YES;
				GCC_WARN_UNUSED_VARIABLE = YES;
				IPHONEOS_DEPLOYMENT_TARGET = 16.1;
				MTL_ENABLE_DEBUG_INFO = NO;
				MTL_FAST_MATH = YES;
				SDKROOT = iphoneos;
				SWIFT_COMPILATION_MODE = wholemodule;
				SWIFT_OPTIMIZATION_LEVEL = "-O";
				VALIDATE_PRODUCT = YES;
			};
			name = Release;
		};
		CA7ED318293A6D6300E0E89F /* Debug */ = {
			isa = XCBuildConfiguration;
			buildSettings = {
				ASSETCATALOG_COMPILER_APPICON_NAME = AppIcon;
				ASSETCATALOG_COMPILER_GLOBAL_ACCENT_COLOR_NAME = AccentColor;
				CODE_SIGN_STYLE = Automatic;
				CURRENT_PROJECT_VERSION = 1;
				GENERATE_INFOPLIST_FILE = YES;
				INFOPLIST_FILE = SPM_MainProject/Info.plist;
				INFOPLIST_KEY_UIApplicationSupportsIndirectInputEvents = YES;
				INFOPLIST_KEY_UILaunchStoryboardName = LaunchScreen;
				INFOPLIST_KEY_UIMainStoryboardFile = Main;
				INFOPLIST_KEY_UISupportedInterfaceOrientations_iPad = "UIInterfaceOrientationPortrait UIInterfaceOrientationPortraitUpsideDown UIInterfaceOrientationLandscapeLeft UIInterfaceOrientationLandscapeRight";
				INFOPLIST_KEY_UISupportedInterfaceOrientations_iPhone = "UIInterfaceOrientationPortrait UIInterfaceOrientationLandscapeLeft UIInterfaceOrientationLandscapeRight";
				IPHONEOS_DEPLOYMENT_TARGET = 15.0;
				LD_RUNPATH_SEARCH_PATHS = (
					"$(inherited)",
					"@executable_path/Frameworks",
				);
				MARKETING_VERSION = 1.0;
				PRODUCT_BUNDLE_IDENTIFIER = "AsadulinIndustries.SPM-MainProject";
				PRODUCT_NAME = "$(TARGET_NAME)";
				SWIFT_EMIT_LOC_STRINGS = YES;
				SWIFT_VERSION = 5.0;
				TARGETED_DEVICE_FAMILY = "1,2";
			};
			name = Debug;
		};
		CA7ED319293A6D6300E0E89F /* Release */ = {
			isa = XCBuildConfiguration;
			buildSettings = {
				ASSETCATALOG_COMPILER_APPICON_NAME = AppIcon;
				ASSETCATALOG_COMPILER_GLOBAL_ACCENT_COLOR_NAME = AccentColor;
				CODE_SIGN_STYLE = Automatic;
				CURRENT_PROJECT_VERSION = 1;
				GENERATE_INFOPLIST_FILE = YES;
				INFOPLIST_FILE = SPM_MainProject/Info.plist;
				INFOPLIST_KEY_UIApplicationSupportsIndirectInputEvents = YES;
				INFOPLIST_KEY_UILaunchStoryboardName = LaunchScreen;
				INFOPLIST_KEY_UIMainStoryboardFile = Main;
				INFOPLIST_KEY_UISupportedInterfaceOrientations_iPad = "UIInterfaceOrientationPortrait UIInterfaceOrientationPortraitUpsideDown UIInterfaceOrientationLandscapeLeft UIInterfaceOrientationLandscapeRight";
				INFOPLIST_KEY_UISupportedInterfaceOrientations_iPhone = "UIInterfaceOrientationPortrait UIInterfaceOrientationLandscapeLeft UIInterfaceOrientationLandscapeRight";
				IPHONEOS_DEPLOYMENT_TARGET = 15.0;
				LD_RUNPATH_SEARCH_PATHS = (
					"$(inherited)",
					"@executable_path/Frameworks",
				);
				MARKETING_VERSION = 1.0;
				PRODUCT_BUNDLE_IDENTIFIER = "AsadulinIndustries.SPM-MainProject";
				PRODUCT_NAME = "$(TARGET_NAME)";
				SWIFT_EMIT_LOC_STRINGS = YES;
				SWIFT_VERSION = 5.0;
				TARGETED_DEVICE_FAMILY = "1,2";
			};
			name = Release;
		};
/* End XCBuildConfiguration section */

/* Begin XCConfigurationList section */
		CA7ED2FE293A6D6200E0E89F /* Build configuration list for PBXProject "SPM_MainProject" */ = {
			isa = XCConfigurationList;
			buildConfigurations = (
				CA7ED315293A6D6300E0E89F /* Debug */,
				CA7ED316293A6D6300E0E89F /* Release */,
			);
			defaultConfigurationIsVisible = 0;
			defaultConfigurationName = Release;
		};
		CA7ED317293A6D6300E0E89F /* Build configuration list for PBXNativeTarget "SPM_MainProject" */ = {
			isa = XCConfigurationList;
			buildConfigurations = (
				CA7ED318293A6D6300E0E89F /* Debug */,
				CA7ED319293A6D6300E0E89F /* Release */,
			);
			defaultConfigurationIsVisible = 0;
			defaultConfigurationName = Release;
		};
/* End XCConfigurationList section */

/* Begin XCRemoteSwiftPackageReference section */
		CA373EC4293ACA42006A90DA /* XCRemoteSwiftPackageReference "MyUILibraty" */ = {
			isa = XCRemoteSwiftPackageReference;
			repositoryURL = "https://github.com/vasadulin/MyUILibraty.git";
			requirement = {
				kind = versionRange;
				maximumVersion = 2.0.0;
				minimumVersion = 1.0.1;
			};
		};
		CA7ED31B293A8F9600E0E89F /* XCRemoteSwiftPackageReference "CommonLibrary" */ = {
			isa = XCRemoteSwiftPackageReference;
			repositoryURL = "https://github.com/vasadulin/CommonLibrary.git";
			requirement = {
				kind = upToNextMajorVersion;
				minimumVersion = 1.0.2;
			};
		};
/* End XCRemoteSwiftPackageReference section */

/* Begin XCSwiftPackageProductDependency section */
		CA373EC5293ACA42006A90DA /* MyUILibraty */ = {
			isa = XCSwiftPackageProductDependency;
			package = CA373EC4293ACA42006A90DA /* XCRemoteSwiftPackageReference "MyUILibraty" */;
			productName = MyUILibraty;
		};
		CA7ED31C293A8F9600E0E89F /* CommonLibrary */ = {
			isa = XCSwiftPackageProductDependency;
			package = CA7ED31B293A8F9600E0E89F /* XCRemoteSwiftPackageReference "CommonLibrary" */;
			productName = CommonLibrary;
		};
/* End XCSwiftPackageProductDependency section */
	};
	rootObject = CA7ED2FB293A6D6200E0E89F /* Project object */;
}
